%{"elixir_pipes": {:git, "git://github.com/batate/elixir-pipes.git", "4b4646c0fc50b8ddeff780847fc487f3bcefdacf", []},
  "ex_doc": {:git, "git://github.com/elixir-lang/ex_doc.git", "ca71b84b9c3c7e23b4b661e485a909aee3fdbc3b", []},
  "hoedown": {:git, "git://github.com/hoedown/hoedown.git", "0610117f44b173a4e2112afb2f510156a32355b5", []},
  "httpotion": {:git, "git://github.com/myfreeweb/httpotion.git", "a6bcbbac7b6f15ee93c5c941de36d59ef8c85743", []},
  "ibrowse": {:git, "git://github.com/cmullaparthi/ibrowse.git", "7871e2ebe8811efb64e1917e2de455fa87e8dfe3", [tag: "v4.1.0"]},
  "jsonex": {:git, "git://github.com/marcelog/jsonex.git", "82e6c416eed5e791073427bf3079d7ab7b85a1e1", []},
  "jsx": {:git, "git://github.com/talentdeficit/jsx.git", "507fa4c41db33c81e925ab53f4d789d234aaff2f", []},
  "markdown": {:git, "git://github.com/devinus/markdown.git", "0345e2044ba71780ba02b2591f1017703d0fa148", []},
  "pipe": {:git, "git://github.com/batate/elixir-pipes.git", "4b4646c0fc50b8ddeff780847fc487f3bcefdacf", []},
  "timex": {:package, "0.10.0"}}
